
Microsoft Visual Studio Solution File, Format Version 12.00
# Visual Studio Version 17
VisualStudioVersion = 17.5.33530.505
MinimumVisualStudioVersion = 10.0.40219.1
Project("{FAE04EC0-301F-11D3-BF4B-00C04F79EFBC}") = "Reading Buddy", "Reading Buddy.csproj", "{50DB2621-9DAA-4D66-8548-337A97A23FB1}"
EndProject
Global
	GlobalSection(SolutionConfigurationPlatforms) = preSolution
		Debug|Any CPU = Debug|Any CPU
		Release|Any CPU = Release|Any CPU
	EndGlobalSection
	GlobalSection(ProjectConfigurationPlatforms) = postSolution
		{50DB2621-9DAA-4D66-8548-337A97A23FB1}.Debug|Any CPU.ActiveCfg = Debug|Any CPU
		{50DB2621-9DAA-4D66-8548-337A97A23FB1}.Debug|Any CPU.Build.0 = Debug|Any CPU
		{50DB2621-9DAA-4D66-8548-337A97A23FB1}.Release|Any CPU.ActiveCfg = Release|Any CPU
		{50DB2621-9DAA-4D66-8548-337A97A23FB1}.Release|Any CPU.Build.0 = Release|Any CPU
	EndGlobalSection
	GlobalSection(SolutionProperties) = preSolution
		HideSolutionNode = FALSE
	EndGlobalSection
	GlobalSection(ExtensibilityGlobals) = postSolution
		SolutionGuid = {DAE5798B-5A8B-430A-B850-32F09E586636}
	EndGlobalSection
EndGlobal
